
Microsoft Visual Studio Solution File, Format Version 12.00
# Visual Studio Version 17
VisualStudioVersion = 17.11.35312.102
MinimumVisualStudioVersion = 10.0.40219.1
Project("{2150E333-8FDC-42A3-9474-1A3956D46DE8}") = "FrontEnd", "FrontEnd", "{FD09DE29-F16C-4369-B5E2-CC7D41E7ACED}"
EndProject
Project("{2150E333-8FDC-42A3-9474-1A3956D46DE8}") = "Gateway", "Gateway", "{EBD92803-0C99-4203-A676-16D29D969FE6}"
EndProject
Project("{2150E333-8FDC-42A3-9474-1A3956D46DE8}") = "Integration", "Integration", "{66270612-FE35-4A22-90E5-1E06FB2E8C0B}"
EndProject
Project("{2150E333-8FDC-42A3-9474-1A3956D46DE8}") = "Services", "Services", "{B3506B9C-A17E-4FBA-9E1F-38D678C76DFE}"
EndProject
Project("{9A19103F-16F7-4668-BE54-9A1E7A4F7556}") = "Lexias.Services.CouponAPI", "Lexias.Services.CouponAPI\Lexias.Services.CouponAPI.csproj", "{A6006AA2-B28B-49AB-BCD0-1E83A32F16B1}"
EndProject
Project("{9A19103F-16F7-4668-BE54-9A1E7A4F7556}") = "Lexias.Web", "Lexias.Web\Lexias.Web.csproj", "{B58C202C-243B-4451-AB38-7B2B4EFC4816}"
EndProject
Project("{9A19103F-16F7-4668-BE54-9A1E7A4F7556}") = "Lexias.Services.AuthAPI", "Lexias.Services.AuthAPI\Lexias.Services.AuthAPI.csproj", "{AF08158C-1CDA-4DC7-B26D-55C9424C7687}"
EndProject
Project("{9A19103F-16F7-4668-BE54-9A1E7A4F7556}") = "UmbracoLexiasWeb", "UmbracoLexiasWeb\UmbracoLexiasWeb.csproj", "{C72AC846-0ECB-46A4-908C-EC5C14C3F33C}"
EndProject
Project("{9A19103F-16F7-4668-BE54-9A1E7A4F7556}") = "Lexias.Services.OrderAPI", "Lexias.Services.OrderAPI\Lexias.Services.OrderAPI.csproj", "{5BEE16C0-F949-41B8-B5CA-87529BC92F60}"
EndProject
Project("{9A19103F-16F7-4668-BE54-9A1E7A4F7556}") = "Shared", "Shared\Shared.csproj", "{3C7ED6CF-807B-47DA-BB25-4D07DE224A68}"
EndProject
Project("{9A19103F-16F7-4668-BE54-9A1E7A4F7556}") = "API.Gateway", "API.Gateway\API.Gateway.csproj", "{19870CF6-B915-4E2F-AC53-0FB2B09CA3AA}"
EndProject
Project("{FAE04EC0-301F-11D3-BF4B-00C04F79EFBC}") = "Lexias.Services.PaymentAPI", "Lexias.Services.PaymentAPI\Lexias.Services.PaymentAPI.csproj", "{3FEE65A3-FAEB-4458-B4E1-3FDECD3A239E}"
EndProject
Project("{FAE04EC0-301F-11D3-BF4B-00C04F79EFBC}") = "Lexias.Services.WarehouseAPI", "Lexias.Services.WarehouseAPI\Lexias.Services.WarehouseAPI.csproj", "{0B9E7C2D-0FD1-4873-B6D8-EDE7D28C94D5}"
EndProject
Global
	GlobalSection(SolutionConfigurationPlatforms) = preSolution
		Debug|Any CPU = Debug|Any CPU
		Release|Any CPU = Release|Any CPU
	EndGlobalSection
	GlobalSection(ProjectConfigurationPlatforms) = postSolution
		{A6006AA2-B28B-49AB-BCD0-1E83A32F16B1}.Debug|Any CPU.ActiveCfg = Debug|Any CPU
		{A6006AA2-B28B-49AB-BCD0-1E83A32F16B1}.Debug|Any CPU.Build.0 = Debug|Any CPU
		{A6006AA2-B28B-49AB-BCD0-1E83A32F16B1}.Release|Any CPU.ActiveCfg = Release|Any CPU
		{A6006AA2-B28B-49AB-BCD0-1E83A32F16B1}.Release|Any CPU.Build.0 = Release|Any CPU
		{B58C202C-243B-4451-AB38-7B2B4EFC4816}.Debug|Any CPU.ActiveCfg = Debug|Any CPU
		{B58C202C-243B-4451-AB38-7B2B4EFC4816}.Debug|Any CPU.Build.0 = Debug|Any CPU
		{B58C202C-243B-4451-AB38-7B2B4EFC4816}.Release|Any CPU.ActiveCfg = Release|Any CPU
		{B58C202C-243B-4451-AB38-7B2B4EFC4816}.Release|Any CPU.Build.0 = Release|Any CPU
		{AF08158C-1CDA-4DC7-B26D-55C9424C7687}.Debug|Any CPU.ActiveCfg = Debug|Any CPU
		{AF08158C-1CDA-4DC7-B26D-55C9424C7687}.Debug|Any CPU.Build.0 = Debug|Any CPU
		{AF08158C-1CDA-4DC7-B26D-55C9424C7687}.Release|Any CPU.ActiveCfg = Release|Any CPU
		{AF08158C-1CDA-4DC7-B26D-55C9424C7687}.Release|Any CPU.Build.0 = Release|Any CPU
		{C72AC846-0ECB-46A4-908C-EC5C14C3F33C}.Debug|Any CPU.ActiveCfg = Debug|Any CPU
		{C72AC846-0ECB-46A4-908C-EC5C14C3F33C}.Debug|Any CPU.Build.0 = Debug|Any CPU
		{C72AC846-0ECB-46A4-908C-EC5C14C3F33C}.Release|Any CPU.ActiveCfg = Release|Any CPU
		{C72AC846-0ECB-46A4-908C-EC5C14C3F33C}.Release|Any CPU.Build.0 = Release|Any CPU
		{5BEE16C0-F949-41B8-B5CA-87529BC92F60}.Debug|Any CPU.ActiveCfg = Debug|Any CPU
		{5BEE16C0-F949-41B8-B5CA-87529BC92F60}.Debug|Any CPU.Build.0 = Debug|Any CPU
		{5BEE16C0-F949-41B8-B5CA-87529BC92F60}.Release|Any CPU.ActiveCfg = Release|Any CPU
		{5BEE16C0-F949-41B8-B5CA-87529BC92F60}.Release|Any CPU.Build.0 = Release|Any CPU
		{3C7ED6CF-807B-47DA-BB25-4D07DE224A68}.Debug|Any CPU.ActiveCfg = Debug|Any CPU
		{3C7ED6CF-807B-47DA-BB25-4D07DE224A68}.Debug|Any CPU.Build.0 = Debug|Any CPU
		{3C7ED6CF-807B-47DA-BB25-4D07DE224A68}.Release|Any CPU.ActiveCfg = Release|Any CPU
		{3C7ED6CF-807B-47DA-BB25-4D07DE224A68}.Release|Any CPU.Build.0 = Release|Any CPU
		{19870CF6-B915-4E2F-AC53-0FB2B09CA3AA}.Debug|Any CPU.ActiveCfg = Debug|Any CPU
		{19870CF6-B915-4E2F-AC53-0FB2B09CA3AA}.Debug|Any CPU.Build.0 = Debug|Any CPU
		{19870CF6-B915-4E2F-AC53-0FB2B09CA3AA}.Release|Any CPU.ActiveCfg = Release|Any CPU
		{19870CF6-B915-4E2F-AC53-0FB2B09CA3AA}.Release|Any CPU.Build.0 = Release|Any CPU
		{3FEE65A3-FAEB-4458-B4E1-3FDECD3A239E}.Debug|Any CPU.ActiveCfg = Debug|Any CPU
		{3FEE65A3-FAEB-4458-B4E1-3FDECD3A239E}.Debug|Any CPU.Build.0 = Debug|Any CPU
		{3FEE65A3-FAEB-4458-B4E1-3FDECD3A239E}.Release|Any CPU.ActiveCfg = Release|Any CPU
		{3FEE65A3-FAEB-4458-B4E1-3FDECD3A239E}.Release|Any CPU.Build.0 = Release|Any CPU
		{0B9E7C2D-0FD1-4873-B6D8-EDE7D28C94D5}.Debug|Any CPU.ActiveCfg = Debug|Any CPU
		{0B9E7C2D-0FD1-4873-B6D8-EDE7D28C94D5}.Debug|Any CPU.Build.0 = Debug|Any CPU
		{0B9E7C2D-0FD1-4873-B6D8-EDE7D28C94D5}.Release|Any CPU.ActiveCfg = Release|Any CPU
		{0B9E7C2D-0FD1-4873-B6D8-EDE7D28C94D5}.Release|Any CPU.Build.0 = Release|Any CPU
	EndGlobalSection
	GlobalSection(SolutionProperties) = preSolution
		HideSolutionNode = FALSE
	EndGlobalSection
	GlobalSection(NestedProjects) = preSolution
		{A6006AA2-B28B-49AB-BCD0-1E83A32F16B1} = {B3506B9C-A17E-4FBA-9E1F-38D678C76DFE}
		{B58C202C-243B-4451-AB38-7B2B4EFC4816} = {FD09DE29-F16C-4369-B5E2-CC7D41E7ACED}
		{AF08158C-1CDA-4DC7-B26D-55C9424C7687} = {B3506B9C-A17E-4FBA-9E1F-38D678C76DFE}
		{C72AC846-0ECB-46A4-908C-EC5C14C3F33C} = {FD09DE29-F16C-4369-B5E2-CC7D41E7ACED}
		{5BEE16C0-F949-41B8-B5CA-87529BC92F60} = {B3506B9C-A17E-4FBA-9E1F-38D678C76DFE}
		{3C7ED6CF-807B-47DA-BB25-4D07DE224A68} = {B3506B9C-A17E-4FBA-9E1F-38D678C76DFE}
		{19870CF6-B915-4E2F-AC53-0FB2B09CA3AA} = {EBD92803-0C99-4203-A676-16D29D969FE6}
		{3FEE65A3-FAEB-4458-B4E1-3FDECD3A239E} = {B3506B9C-A17E-4FBA-9E1F-38D678C76DFE}
		{0B9E7C2D-0FD1-4873-B6D8-EDE7D28C94D5} = {B3506B9C-A17E-4FBA-9E1F-38D678C76DFE}
	EndGlobalSection
	GlobalSection(ExtensibilityGlobals) = postSolution
		SolutionGuid = {98DD9D17-A2E3-4957-B646-B396A1780D82}
	EndGlobalSection
EndGlobal
